
Microsoft Visual Studio Solution File, Format Version 12.00
# Visual Studio 2013
VisualStudioVersion = 12.0.31101.0
MinimumVisualStudioVersion = 10.0.40219.1
Project("{FAE04EC0-301F-11D3-BF4B-00C04F79EFBC}") = "MyStore.Domain", "MyStore.Domain\MyStore.Domain.csproj", "{82A24104-497D-4C39-ADF8-2A1CDBA9EE50}"
EndProject
Project("{FAE04EC0-301F-11D3-BF4B-00C04F79EFBC}") = "MyStore.Infrastructure.DataMSQL", "MyStore.Infrastructure.DataMSQL\MyStore.Infrastructure.DataMSQL.csproj", "{E9F2671B-2288-47C6-9752-E4E2974AA308}"
EndProject
Project("{FAE04EC0-301F-11D3-BF4B-00C04F79EFBC}") = "MyStore.Infrastructure.StoreAdminUI", "MyStore.Infrastructure.StoreAdminUI\MyStore.Infrastructure.StoreAdminUI.csproj", "{4F1711E3-DFCB-4E29-AA21-E8017D084088}"
EndProject
Global
	GlobalSection(SolutionConfigurationPlatforms) = preSolution
		Debug|Any CPU = Debug|Any CPU
		Release|Any CPU = Release|Any CPU
	EndGlobalSection
	GlobalSection(ProjectConfigurationPlatforms) = postSolution
		{82A24104-497D-4C39-ADF8-2A1CDBA9EE50}.Debug|Any CPU.ActiveCfg = Debug|Any CPU
		{82A24104-497D-4C39-ADF8-2A1CDBA9EE50}.Debug|Any CPU.Build.0 = Debug|Any CPU
		{82A24104-497D-4C39-ADF8-2A1CDBA9EE50}.Release|Any CPU.ActiveCfg = Release|Any CPU
		{82A24104-497D-4C39-ADF8-2A1CDBA9EE50}.Release|Any CPU.Build.0 = Release|Any CPU
		{E9F2671B-2288-47C6-9752-E4E2974AA308}.Debug|Any CPU.ActiveCfg = Debug|Any CPU
		{E9F2671B-2288-47C6-9752-E4E2974AA308}.Debug|Any CPU.Build.0 = Debug|Any CPU
		{E9F2671B-2288-47C6-9752-E4E2974AA308}.Release|Any CPU.ActiveCfg = Release|Any CPU
		{E9F2671B-2288-47C6-9752-E4E2974AA308}.Release|Any CPU.Build.0 = Release|Any CPU
		{4F1711E3-DFCB-4E29-AA21-E8017D084088}.Debug|Any CPU.ActiveCfg = Debug|Any CPU
		{4F1711E3-DFCB-4E29-AA21-E8017D084088}.Debug|Any CPU.Build.0 = Debug|Any CPU
		{4F1711E3-DFCB-4E29-AA21-E8017D084088}.Release|Any CPU.ActiveCfg = Release|Any CPU
		{4F1711E3-DFCB-4E29-AA21-E8017D084088}.Release|Any CPU.Build.0 = Release|Any CPU
	EndGlobalSection
	GlobalSection(SolutionProperties) = preSolution
		HideSolutionNode = FALSE
	EndGlobalSection
EndGlobal
